
Microsoft Visual Studio Solution File, Format Version 12.00
# Visual Studio Version 16
VisualStudioVersion = 16.0.29709.97
MinimumVisualStudioVersion = 10.0.40219.1
Project("{8BC9CEB8-8B4A-11D0-8D11-00A0C91BC942}") = "Ryujinx.Memory.Native", "Ryujinx.Memory.Native.vcxproj", "{5BF4BFDE-9B9C-4B71-985E-92C44750CEC7}"
EndProject
Global
	GlobalSection(SolutionConfigurationPlatforms) = preSolution
		Debug|x64 = Debug|x64
		Debug|x86 = Debug|x86
		Release|x64 = Release|x64
		Release|x86 = Release|x86
	EndGlobalSection
	GlobalSection(ProjectConfigurationPlatforms) = postSolution
		{5BF4BFDE-9B9C-4B71-985E-92C44750CEC7}.Debug|x64.ActiveCfg = Debug|x64
		{5BF4BFDE-9B9C-4B71-985E-92C44750CEC7}.Debug|x64.Build.0 = Debug|x64
		{5BF4BFDE-9B9C-4B71-985E-92C44750CEC7}.Debug|x86.ActiveCfg = Debug|Win32
		{5BF4BFDE-9B9C-4B71-985E-92C44750CEC7}.Debug|x86.Build.0 = Debug|Win32
		{5BF4BFDE-9B9C-4B71-985E-92C44750CEC7}.Release|x64.ActiveCfg = Release|x64
		{5BF4BFDE-9B9C-4B71-985E-92C44750CEC7}.Release|x64.Build.0 = Release|x64
		{5BF4BFDE-9B9C-4B71-985E-92C44750CEC7}.Release|x86.ActiveCfg = Release|Win32
		{5BF4BFDE-9B9C-4B71-985E-92C44750CEC7}.Release|x86.Build.0 = Release|Win32
	EndGlobalSection
	GlobalSection(SolutionProperties) = preSolution
		HideSolutionNode = FALSE
	EndGlobalSection
	GlobalSection(ExtensibilityGlobals) = postSolution
		SolutionGuid = {D07770BA-829F-404C-BB02-A65E34B40F0B}
	EndGlobalSection
EndGlobal
